// !$*UTF8*$!
{
	archiveVersion = 1;
	classes = {
	};
	objectVersion = 55;
	objects = {

/* Begin PBXBuildFile section */
		E355FAF2D127E1335C9A8BDC /* Pods_KHL.framework in Frameworks */ = {isa = PBXBuildFile; fileRef = 88671338202185FA8422E794 /* Pods_KHL.framework */; };
		FC305D0B28A4279B001ED651 /* KHLApp.swift in Sources */ = {isa = PBXBuildFile; fileRef = FC305D0A28A4279B001ED651 /* KHLApp.swift */; };
		FC305D0D28A4279B001ED651 /* ContentView.swift in Sources */ = {isa = PBXBuildFile; fileRef = FC305D0C28A4279B001ED651 /* ContentView.swift */; };
		FC305D0F28A4279E001ED651 /* Assets.xcassets in Resources */ = {isa = PBXBuildFile; fileRef = FC305D0E28A4279E001ED651 /* Assets.xcassets */; };
		FC305D1228A4279E001ED651 /* Preview Assets.xcassets in Resources */ = {isa = PBXBuildFile; fileRef = FC305D1128A4279E001ED651 /* Preview Assets.xcassets */; };
		FC305D2128A42836001ED651 /* MainView.swift in Sources */ = {isa = PBXBuildFile; fileRef = FC305D2028A42836001ED651 /* MainView.swift */; };
		FC305D2328A42896001ED651 /* MainTabView.swift in Sources */ = {isa = PBXBuildFile; fileRef = FC305D2228A42896001ED651 /* MainTabView.swift */; };
		FC305D2528A428D9001ED651 /* HomeView.swift in Sources */ = {isa = PBXBuildFile; fileRef = FC305D2428A428D9001ED651 /* HomeView.swift */; };
		FC305D2728A428E4001ED651 /* AccountView.swift in Sources */ = {isa = PBXBuildFile; fileRef = FC305D2628A428E4001ED651 /* AccountView.swift */; };
		FC305D2928A4292A001ED651 /* VideoView.swift in Sources */ = {isa = PBXBuildFile; fileRef = FC305D2828A4292A001ED651 /* VideoView.swift */; };
		FC305D2B28A42933001ED651 /* PhotoView.swift in Sources */ = {isa = PBXBuildFile; fileRef = FC305D2A28A42933001ED651 /* PhotoView.swift */; };
		FC305D2D28A4293D001ED651 /* CupView.swift in Sources */ = {isa = PBXBuildFile; fileRef = FC305D2C28A4293D001ED651 /* CupView.swift */; };
		FC9EEDCC28A51885006C6C1E /* HomeViewModel.swift in Sources */ = {isa = PBXBuildFile; fileRef = FC9EEDCB28A51885006C6C1E /* HomeViewModel.swift */; };
		FC9EEDD028A518F7006C6C1E /* News.swift in Sources */ = {isa = PBXBuildFile; fileRef = FC9EEDCF28A518F7006C6C1E /* News.swift */; };
		FC9EEDD228A51AD2006C6C1E /* Forecasts.swift in Sources */ = {isa = PBXBuildFile; fileRef = FC9EEDD128A51AD2006C6C1E /* Forecasts.swift */; };
		FC9EEDD428A51DDB006C6C1E /* Articles.swift in Sources */ = {isa = PBXBuildFile; fileRef = FC9EEDD328A51DDB006C6C1E /* Articles.swift */; };
		FC9EEDD628A522D7006C6C1E /* Sponsor.swift in Sources */ = {isa = PBXBuildFile; fileRef = FC9EEDD528A522D7006C6C1E /* Sponsor.swift */; };
		FC9EEDD828A53825006C6C1E /* Photo.swift in Sources */ = {isa = PBXBuildFile; fileRef = FC9EEDD728A53825006C6C1E /* Photo.swift */; };
		FC9EEDDC28A54777006C6C1E /* LeagueView.swift in Sources */ = {isa = PBXBuildFile; fileRef = FC9EEDDB28A54777006C6C1E /* LeagueView.swift */; };
		FC9EEDDE28A54781006C6C1E /* LeagueViewModel.swift in Sources */ = {isa = PBXBuildFile; fileRef = FC9EEDDD28A54781006C6C1E /* LeagueViewModel.swift */; };
		FC9EEDE128A547EA006C6C1E /* CustomNavBarView.swift in Sources */ = {isa = PBXBuildFile; fileRef = FC9EEDE028A547EA006C6C1E /* CustomNavBarView.swift */; };
		FC9EEDE428A5802B006C6C1E /* ContactsView.swift in Sources */ = {isa = PBXBuildFile; fileRef = FC9EEDE328A5802B006C6C1E /* ContactsView.swift */; };
		FC9EEDE628A58034006C6C1E /* ContactsViewModel.swift in Sources */ = {isa = PBXBuildFile; fileRef = FC9EEDE528A58034006C6C1E /* ContactsViewModel.swift */; };
		FC9EEDE928A580C4006C6C1E /* PhotoMatchView.swift in Sources */ = {isa = PBXBuildFile; fileRef = FC9EEDE828A580C4006C6C1E /* PhotoMatchView.swift */; };
		FC9EEDEB28A580CD006C6C1E /* PhotoMatchViewModel.swift in Sources */ = {isa = PBXBuildFile; fileRef = FC9EEDEA28A580CD006C6C1E /* PhotoMatchViewModel.swift */; };
		FC9EEDEE28AA3294006C6C1E /* CupViewModel.swift in Sources */ = {isa = PBXBuildFile; fileRef = FC9EEDED28AA3293006C6C1E /* CupViewModel.swift */; };
		FCA017A52AF5877500C43234 /* VideoViewModel.swift in Sources */ = {isa = PBXBuildFile; fileRef = FCA017A42AF5877500C43234 /* VideoViewModel.swift */; };
		FCA017A82AF5907400C43234 /* YTVideoView.swift in Sources */ = {isa = PBXBuildFile; fileRef = FCA017A72AF5907400C43234 /* YTVideoView.swift */; };
		FCA017AA2AF5922900C43234 /* Video.swift in Sources */ = {isa = PBXBuildFile; fileRef = FCA017A92AF5922900C43234 /* Video.swift */; };
		FCA017AD2AF59A4000C43234 /* APIManager.swift in Sources */ = {isa = PBXBuildFile; fileRef = FCA017AC2AF59A4000C43234 /* APIManager.swift */; };
/* End PBXBuildFile section */

/* Begin PBXFileReference section */
		371D688DD88E5176C0B3BC6B /* Pods-KHL.release.xcconfig */ = {isa = PBXFileReference; includeInIndex = 1; lastKnownFileType = text.xcconfig; name = "Pods-KHL.release.xcconfig"; path = "Target Support Files/Pods-KHL/Pods-KHL.release.xcconfig"; sourceTree = "<group>"; };
		376644A87E24E04E3FA60B72 /* Pods-KHL.debug.xcconfig */ = {isa = PBXFileReference; includeInIndex = 1; lastKnownFileType = text.xcconfig; name = "Pods-KHL.debug.xcconfig"; path = "Target Support Files/Pods-KHL/Pods-KHL.debug.xcconfig"; sourceTree = "<group>"; };
		88671338202185FA8422E794 /* Pods_KHL.framework */ = {isa = PBXFileReference; explicitFileType = wrapper.framework; includeInIndex = 0; path = Pods_KHL.framework; sourceTree = BUILT_PRODUCTS_DIR; };
		FC305D0728A4279B001ED651 /* KHL.app */ = {isa = PBXFileReference; explicitFileType = wrapper.application; includeInIndex = 0; path = KHL.app; sourceTree = BUILT_PRODUCTS_DIR; };
		FC305D0A28A4279B001ED651 /* KHLApp.swift */ = {isa = PBXFileReference; lastKnownFileType = sourcecode.swift; path = KHLApp.swift; sourceTree = "<group>"; };
		FC305D0C28A4279B001ED651 /* ContentView.swift */ = {isa = PBXFileReference; lastKnownFileType = sourcecode.swift; path = ContentView.swift; sourceTree = "<group>"; };
		FC305D0E28A4279E001ED651 /* Assets.xcassets */ = {isa = PBXFileReference; lastKnownFileType = folder.assetcatalog; path = Assets.xcassets; sourceTree = "<group>"; };
		FC305D1128A4279E001ED651 /* Preview Assets.xcassets */ = {isa = PBXFileReference; lastKnownFileType = folder.assetcatalog; path = "Preview Assets.xcassets"; sourceTree = "<group>"; };
		FC305D2028A42836001ED651 /* MainView.swift */ = {isa = PBXFileReference; lastKnownFileType = sourcecode.swift; path = MainView.swift; sourceTree = "<group>"; };
		FC305D2228A42896001ED651 /* MainTabView.swift */ = {isa = PBXFileReference; lastKnownFileType = sourcecode.swift; path = MainTabView.swift; sourceTree = "<group>"; };
		FC305D2428A428D9001ED651 /* HomeView.swift */ = {isa = PBXFileReference; lastKnownFileType = sourcecode.swift; path = HomeView.swift; sourceTree = "<group>"; };
		FC305D2628A428E4001ED651 /* AccountView.swift */ = {isa = PBXFileReference; lastKnownFileType = sourcecode.swift; path = AccountView.swift; sourceTree = "<group>"; };
		FC305D2828A4292A001ED651 /* VideoView.swift */ = {isa = PBXFileReference; lastKnownFileType = sourcecode.swift; path = VideoView.swift; sourceTree = "<group>"; };
		FC305D2A28A42933001ED651 /* PhotoView.swift */ = {isa = PBXFileReference; lastKnownFileType = sourcecode.swift; path = PhotoView.swift; sourceTree = "<group>"; };
		FC305D2C28A4293D001ED651 /* CupView.swift */ = {isa = PBXFileReference; lastKnownFileType = sourcecode.swift; path = CupView.swift; sourceTree = "<group>"; };
		FC9EEDCB28A51885006C6C1E /* HomeViewModel.swift */ = {isa = PBXFileReference; lastKnownFileType = sourcecode.swift; path = HomeViewModel.swift; sourceTree = "<group>"; };
		FC9EEDCF28A518F7006C6C1E /* News.swift */ = {isa = PBXFileReference; lastKnownFileType = sourcecode.swift; path = News.swift; sourceTree = "<group>"; };
		FC9EEDD128A51AD2006C6C1E /* Forecasts.swift */ = {isa = PBXFileReference; lastKnownFileType = sourcecode.swift; path = Forecasts.swift; sourceTree = "<group>"; };
		FC9EEDD328A51DDB006C6C1E /* Articles.swift */ = {isa = PBXFileReference; lastKnownFileType = sourcecode.swift; path = Articles.swift; sourceTree = "<group>"; };
		FC9EEDD528A522D7006C6C1E /* Sponsor.swift */ = {isa = PBXFileReference; lastKnownFileType = sourcecode.swift; path = Sponsor.swift; sourceTree = "<group>"; };
		FC9EEDD728A53825006C6C1E /* Photo.swift */ = {isa = PBXFileReference; lastKnownFileType = sourcecode.swift; path = Photo.swift; sourceTree = "<group>"; };
		FC9EEDDB28A54777006C6C1E /* LeagueView.swift */ = {isa = PBXFileReference; lastKnownFileType = sourcecode.swift; path = LeagueView.swift; sourceTree = "<group>"; };
		FC9EEDDD28A54781006C6C1E /* LeagueViewModel.swift */ = {isa = PBXFileReference; lastKnownFileType = sourcecode.swift; path = LeagueViewModel.swift; sourceTree = "<group>"; };
		FC9EEDE028A547EA006C6C1E /* CustomNavBarView.swift */ = {isa = PBXFileReference; lastKnownFileType = sourcecode.swift; path = CustomNavBarView.swift; sourceTree = "<group>"; };
		FC9EEDE328A5802B006C6C1E /* ContactsView.swift */ = {isa = PBXFileReference; lastKnownFileType = sourcecode.swift; path = ContactsView.swift; sourceTree = "<group>"; };
		FC9EEDE528A58034006C6C1E /* ContactsViewModel.swift */ = {isa = PBXFileReference; lastKnownFileType = sourcecode.swift; path = ContactsViewModel.swift; sourceTree = "<group>"; };
		FC9EEDE828A580C4006C6C1E /* PhotoMatchView.swift */ = {isa = PBXFileReference; lastKnownFileType = sourcecode.swift; path = PhotoMatchView.swift; sourceTree = "<group>"; };
		FC9EEDEA28A580CD006C6C1E /* PhotoMatchViewModel.swift */ = {isa = PBXFileReference; lastKnownFileType = sourcecode.swift; path = PhotoMatchViewModel.swift; sourceTree = "<group>"; };
		FC9EEDED28AA3293006C6C1E /* CupViewModel.swift */ = {isa = PBXFileReference; lastKnownFileType = sourcecode.swift; path = CupViewModel.swift; sourceTree = "<group>"; };
		FCA017A42AF5877500C43234 /* VideoViewModel.swift */ = {isa = PBXFileReference; lastKnownFileType = sourcecode.swift; path = VideoViewModel.swift; sourceTree = "<group>"; };
		FCA017A72AF5907400C43234 /* YTVideoView.swift */ = {isa = PBXFileReference; lastKnownFileType = sourcecode.swift; path = YTVideoView.swift; sourceTree = "<group>"; };
		FCA017A92AF5922900C43234 /* Video.swift */ = {isa = PBXFileReference; lastKnownFileType = sourcecode.swift; path = Video.swift; sourceTree = "<group>"; };
		FCA017AC2AF59A4000C43234 /* APIManager.swift */ = {isa = PBXFileReference; lastKnownFileType = sourcecode.swift; path = APIManager.swift; sourceTree = "<group>"; };
/* End PBXFileReference section */

/* Begin PBXFrameworksBuildPhase section */
		FC305D0428A4279B001ED651 /* Frameworks */ = {
			isa = PBXFrameworksBuildPhase;
			buildActionMask = 2147483647;
			files = (
				E355FAF2D127E1335C9A8BDC /* Pods_KHL.framework in Frameworks */,
			);
			runOnlyForDeploymentPostprocessing = 0;
		};
/* End PBXFrameworksBuildPhase section */

/* Begin PBXGroup section */
		A71B70923B7481DD7B0ECDB3 /* Pods */ = {
			isa = PBXGroup;
			children = (
				376644A87E24E04E3FA60B72 /* Pods-KHL.debug.xcconfig */,
				371D688DD88E5176C0B3BC6B /* Pods-KHL.release.xcconfig */,
			);
			path = Pods;
			sourceTree = "<group>";
		};
		F9972B7F8B095B9C0BD1E38C /* Frameworks */ = {
			isa = PBXGroup;
			children = (
				88671338202185FA8422E794 /* Pods_KHL.framework */,
			);
			name = Frameworks;
			sourceTree = "<group>";
		};
		FC305CFE28A4279B001ED651 = {
			isa = PBXGroup;
			children = (
				FC305D0928A4279B001ED651 /* KHL */,
				FC305D0828A4279B001ED651 /* Products */,
				A71B70923B7481DD7B0ECDB3 /* Pods */,
				F9972B7F8B095B9C0BD1E38C /* Frameworks */,
			);
			sourceTree = "<group>";
		};
		FC305D0828A4279B001ED651 /* Products */ = {
			isa = PBXGroup;
			children = (
				FC305D0728A4279B001ED651 /* KHL.app */,
			);
			name = Products;
			sourceTree = "<group>";
		};
		FC305D0928A4279B001ED651 /* KHL */ = {
			isa = PBXGroup;
			children = (
				FC305D1828A427A8001ED651 /* Modules */,
				FC305D0A28A4279B001ED651 /* KHLApp.swift */,
				FC305D0C28A4279B001ED651 /* ContentView.swift */,
				FC305D0E28A4279E001ED651 /* Assets.xcassets */,
				FC305D1028A4279E001ED651 /* Preview Content */,
			);
			path = KHL;
			sourceTree = "<group>";
		};
		FC305D1028A4279E001ED651 /* Preview Content */ = {
			isa = PBXGroup;
			children = (
				FC305D1128A4279E001ED651 /* Preview Assets.xcassets */,
			);
			path = "Preview Content";
			sourceTree = "<group>";
		};
		FC305D1828A427A8001ED651 /* Modules */ = {
			isa = PBXGroup;
			children = (
				FC9EEDDF28A547C7006C6C1E /* Custom */,
				FC305D1F28A427DD001ED651 /* TabBar */,
				FC9EEDCD28A518D6006C6C1E /* Core */,
				FC305D1E28A427D7001ED651 /* Main */,
				FC305D1D28A427D1001ED651 /* Cup */,
				FC305D1C28A427CA001ED651 /* Photo */,
				FC305D1B28A427C2001ED651 /* Video */,
				FC305D1A28A427B9001ED651 /* Account */,
				FC305D1928A427B4001ED651 /* Home */,
			);
			path = Modules;
			sourceTree = "<group>";
		};
		FC305D1928A427B4001ED651 /* Home */ = {
			isa = PBXGroup;
			children = (
				FC9EEDE228A58017006C6C1E /* Contacts */,
				FC9EEDDA28A5475F006C6C1E /* League */,
				FC9EEDD928A54752006C6C1E /* Home */,
			);
			path = Home;
			sourceTree = "<group>";
		};
		FC305D1A28A427B9001ED651 /* Account */ = {
			isa = PBXGroup;
			children = (
				FC305D2628A428E4001ED651 /* AccountView.swift */,
			);
			path = Account;
			sourceTree = "<group>";
		};
		FC305D1B28A427C2001ED651 /* Video */ = {
			isa = PBXGroup;
			children = (
				FCA017AB2AF59A3300C43234 /* API */,
				FCA017A62AF5905600C43234 /* YouTubeVideiView */,
				FCA017A32AF586CD00C43234 /* View */,
				FCA017A42AF5877500C43234 /* VideoViewModel.swift */,
			);
			path = Video;
			sourceTree = "<group>";
		};
		FC305D1C28A427CA001ED651 /* Photo */ = {
			isa = PBXGroup;
			children = (
				FC9EEDEC28A580D3006C6C1E /* Photo */,
				FC9EEDE728A5809F006C6C1E /* PhotoMatch */,
			);
			path = Photo;
			sourceTree = "<group>";
		};
		FC305D1D28A427D1001ED651 /* Cup */ = {
			isa = PBXGroup;
			children = (
				FC305D2C28A4293D001ED651 /* CupView.swift */,
				FC9EEDED28AA3293006C6C1E /* CupViewModel.swift */,
			);
			path = Cup;
			sourceTree = "<group>";
		};
		FC305D1E28A427D7001ED651 /* Main */ = {
			isa = PBXGroup;
			children = (
				FC305D2028A42836001ED651 /* MainView.swift */,
			);
			path = Main;
			sourceTree = "<group>";
		};
		FC305D1F28A427DD001ED651 /* TabBar */ = {
			isa = PBXGroup;
			children = (
				FC305D2228A42896001ED651 /* MainTabView.swift */,
			);
			path = TabBar;
			sourceTree = "<group>";
		};
		FC9EEDCD28A518D6006C6C1E /* Core */ = {
			isa = PBXGroup;
			children = (
				FC9EEDCE28A518DC006C6C1E /* Models */,
			);
			path = Core;
			sourceTree = "<group>";
		};
		FC9EEDCE28A518DC006C6C1E /* Models */ = {
			isa = PBXGroup;
			children = (
				FC9EEDCF28A518F7006C6C1E /* News.swift */,
				FC9EEDD128A51AD2006C6C1E /* Forecasts.swift */,
				FC9EEDD328A51DDB006C6C1E /* Articles.swift */,
				FC9EEDD528A522D7006C6C1E /* Sponsor.swift */,
				FC9EEDD728A53825006C6C1E /* Photo.swift */,
				FCA017A92AF5922900C43234 /* Video.swift */,
			);
			path = Models;
			sourceTree = "<group>";
		};
		FC9EEDD928A54752006C6C1E /* Home */ = {
			isa = PBXGroup;
			children = (
				FC305D2428A428D9001ED651 /* HomeView.swift */,
				FC9EEDCB28A51885006C6C1E /* HomeViewModel.swift */,
			);
			path = Home;
			sourceTree = "<group>";
		};
		FC9EEDDA28A5475F006C6C1E /* League */ = {
			isa = PBXGroup;
			children = (
				FC9EEDDB28A54777006C6C1E /* LeagueView.swift */,
				FC9EEDDD28A54781006C6C1E /* LeagueViewModel.swift */,
			);
			path = League;
			sourceTree = "<group>";
		};
		FC9EEDDF28A547C7006C6C1E /* Custom */ = {
			isa = PBXGroup;
			children = (
				FC9EEDE028A547EA006C6C1E /* CustomNavBarView.swift */,
			);
			path = Custom;
			sourceTree = "<group>";
		};
		FC9EEDE228A58017006C6C1E /* Contacts */ = {
			isa = PBXGroup;
			children = (
				FC9EEDE328A5802B006C6C1E /* ContactsView.swift */,
				FC9EEDE528A58034006C6C1E /* ContactsViewModel.swift */,
			);
			path = Contacts;
			sourceTree = "<group>";
		};
		FC9EEDE728A5809F006C6C1E /* PhotoMatch */ = {
			isa = PBXGroup;
			children = (
				FC9EEDE828A580C4006C6C1E /* PhotoMatchView.swift */,
				FC9EEDEA28A580CD006C6C1E /* PhotoMatchViewModel.swift */,
			);
			path = PhotoMatch;
			sourceTree = "<group>";
		};
		FC9EEDEC28A580D3006C6C1E /* Photo */ = {
			isa = PBXGroup;
			children = (
				FC305D2A28A42933001ED651 /* PhotoView.swift */,
			);
			path = Photo;
			sourceTree = "<group>";
		};
		FCA017A32AF586CD00C43234 /* View */ = {
			isa = PBXGroup;
			children = (
				FC305D2828A4292A001ED651 /* VideoView.swift */,
			);
			path = View;
			sourceTree = "<group>";
		};
		FCA017A62AF5905600C43234 /* YouTubeVideiView */ = {
			isa = PBXGroup;
			children = (
				FCA017A72AF5907400C43234 /* YTVideoView.swift */,
			);
			path = YouTubeVideiView;
			sourceTree = "<group>";
		};
		FCA017AB2AF59A3300C43234 /* API */ = {
			isa = PBXGroup;
			children = (
				FCA017AC2AF59A4000C43234 /* APIManager.swift */,
			);
			path = API;
			sourceTree = "<group>";
		};
/* End PBXGroup section */

/* Begin PBXNativeTarget section */
		FC305D0628A4279B001ED651 /* KHL */ = {
			isa = PBXNativeTarget;
			buildConfigurationList = FC305D1528A4279E001ED651 /* Build configuration list for PBXNativeTarget "KHL" */;
			buildPhases = (
				F556D3F68984072AFCAD4A2B /* [CP] Check Pods Manifest.lock */,
				FC305D0328A4279B001ED651 /* Sources */,
				FC305D0428A4279B001ED651 /* Frameworks */,
				FC305D0528A4279B001ED651 /* Resources */,
				418DE92A2D50CF3B96C5BF89 /* [CP] Embed Pods Frameworks */,
			);
			buildRules = (
			);
			dependencies = (
			);
			name = KHL;
			productName = KHL;
			productReference = FC305D0728A4279B001ED651 /* KHL.app */;
			productType = "com.apple.product-type.application";
		};
/* End PBXNativeTarget section */

/* Begin PBXProject section */
		FC305CFF28A4279B001ED651 /* Project object */ = {
			isa = PBXProject;
			attributes = {
				BuildIndependentTargetsInParallel = 1;
				LastSwiftUpdateCheck = 1340;
				LastUpgradeCheck = 1340;
				TargetAttributes = {
					FC305D0628A4279B001ED651 = {
						CreatedOnToolsVersion = 13.4.1;
					};
				};
			};
			buildConfigurationList = FC305D0228A4279B001ED651 /* Build configuration list for PBXProject "KHL" */;
			compatibilityVersion = "Xcode 13.0";
			developmentRegion = en;
			hasScannedForEncodings = 0;
			knownRegions = (
				en,
				Base,
			);
			mainGroup = FC305CFE28A4279B001ED651;
			productRefGroup = FC305D0828A4279B001ED651 /* Products */;
			projectDirPath = "";
			projectRoot = "";
			targets = (
				FC305D0628A4279B001ED651 /* KHL */,
			);
		};
/* End PBXProject section */

/* Begin PBXResourcesBuildPhase section */
		FC305D0528A4279B001ED651 /* Resources */ = {
			isa = PBXResourcesBuildPhase;
			buildActionMask = 2147483647;
			files = (
				FC305D1228A4279E001ED651 /* Preview Assets.xcassets in Resources */,
				FC305D0F28A4279E001ED651 /* Assets.xcassets in Resources */,
			);
			runOnlyForDeploymentPostprocessing = 0;
		};
/* End PBXResourcesBuildPhase section */

/* Begin PBXShellScriptBuildPhase section */
		418DE92A2D50CF3B96C5BF89 /* [CP] Embed Pods Frameworks */ = {
			isa = PBXShellScriptBuildPhase;
			buildActionMask = 2147483647;
			files = (
			);
			inputFileListPaths = (
				"${PODS_ROOT}/Target Support Files/Pods-KHL/Pods-KHL-frameworks-${CONFIGURATION}-input-files.xcfilelist",
			);
			name = "[CP] Embed Pods Frameworks";
			outputFileListPaths = (
				"${PODS_ROOT}/Target Support Files/Pods-KHL/Pods-KHL-frameworks-${CONFIGURATION}-output-files.xcfilelist",
			);
			runOnlyForDeploymentPostprocessing = 0;
			shellPath = /bin/sh;
			shellScript = "\"${PODS_ROOT}/Target Support Files/Pods-KHL/Pods-KHL-frameworks.sh\"\n";
			showEnvVarsInLog = 0;
		};
		F556D3F68984072AFCAD4A2B /* [CP] Check Pods Manifest.lock */ = {
			isa = PBXShellScriptBuildPhase;
			buildActionMask = 2147483647;
			files = (
			);
			inputFileListPaths = (
			);
			inputPaths = (
				"${PODS_PODFILE_DIR_PATH}/Podfile.lock",
				"${PODS_ROOT}/Manifest.lock",
			);
			name = "[CP] Check Pods Manifest.lock";
			outputFileListPaths = (
			);
			outputPaths = (
				"$(DERIVED_FILE_DIR)/Pods-KHL-checkManifestLockResult.txt",
			);
			runOnlyForDeploymentPostprocessing = 0;
			shellPath = /bin/sh;
			shellScript = "diff \"${PODS_PODFILE_DIR_PATH}/Podfile.lock\" \"${PODS_ROOT}/Manifest.lock\" > /dev/null\nif [ $? != 0 ] ; then\n    # print error to STDERR\n    echo \"error: The sandbox is not in sync with the Podfile.lock. Run 'pod install' or update your CocoaPods installation.\" >&2\n    exit 1\nfi\n# This output is used by Xcode 'outputs' to avoid re-running this script phase.\necho \"SUCCESS\" > \"${SCRIPT_OUTPUT_FILE_0}\"\n";
			showEnvVarsInLog = 0;
		};
/* End PBXShellScriptBuildPhase section */

/* Begin PBXSourcesBuildPhase section */
		FC305D0328A4279B001ED651 /* Sources */ = {
			isa = PBXSourcesBuildPhase;
			buildActionMask = 2147483647;
			files = (
				FC9EEDE928A580C4006C6C1E /* PhotoMatchView.swift in Sources */,
				FC305D2728A428E4001ED651 /* AccountView.swift in Sources */,
				FC9EEDE628A58034006C6C1E /* ContactsViewModel.swift in Sources */,
				FCA017AD2AF59A4000C43234 /* APIManager.swift in Sources */,
				FC305D2928A4292A001ED651 /* VideoView.swift in Sources */,
				FC9EEDD628A522D7006C6C1E /* Sponsor.swift in Sources */,
				FC9EEDD428A51DDB006C6C1E /* Articles.swift in Sources */,
				FC305D0D28A4279B001ED651 /* ContentView.swift in Sources */,
				FC9EEDCC28A51885006C6C1E /* HomeViewModel.swift in Sources */,
				FC305D2128A42836001ED651 /* MainView.swift in Sources */,
				FCA017AA2AF5922900C43234 /* Video.swift in Sources */,
				FC9EEDDE28A54781006C6C1E /* LeagueViewModel.swift in Sources */,
				FCA017A52AF5877500C43234 /* VideoViewModel.swift in Sources */,
				FC305D0B28A4279B001ED651 /* KHLApp.swift in Sources */,
				FC9EEDD028A518F7006C6C1E /* News.swift in Sources */,
				FC9EEDDC28A54777006C6C1E /* LeagueView.swift in Sources */,
				FC9EEDEB28A580CD006C6C1E /* PhotoMatchViewModel.swift in Sources */,
				FC9EEDD828A53825006C6C1E /* Photo.swift in Sources */,
				FC9EEDE128A547EA006C6C1E /* CustomNavBarView.swift in Sources */,
				FCA017A82AF5907400C43234 /* YTVideoView.swift in Sources */,
				FC305D2D28A4293D001ED651 /* CupView.swift in Sources */,
				FC9EEDD228A51AD2006C6C1E /* Forecasts.swift in Sources */,
				FC9EEDE428A5802B006C6C1E /* ContactsView.swift in Sources */,
				FC305D2528A428D9001ED651 /* HomeView.swift in Sources */,
				FC305D2328A42896001ED651 /* MainTabView.swift in Sources */,
				FC305D2B28A42933001ED651 /* PhotoView.swift in Sources */,
				FC9EEDEE28AA3294006C6C1E /* CupViewModel.swift in Sources */,
			);
			runOnlyForDeploymentPostprocessing = 0;
		};
/* End PBXSourcesBuildPhase section */

/* Begin XCBuildConfiguration section */
		FC305D1328A4279E001ED651 /* Debug */ = {
			isa = XCBuildConfiguration;
			buildSettings = {
				ALWAYS_SEARCH_USER_PATHS = NO;
				CLANG_ANALYZER_NONNULL = YES;
				CLANG_ANALYZER_NUMBER_OBJECT_CONVERSION = YES_AGGRESSIVE;
				CLANG_CXX_LANGUAGE_STANDARD = "gnu++17";
				CLANG_ENABLE_MODULES = YES;
				CLANG_ENABLE_OBJC_ARC = YES;
				CLANG_ENABLE_OBJC_WEAK = YES;
				CLANG_WARN_BLOCK_CAPTURE_AUTORELEASING = YES;
				CLANG_WARN_BOOL_CONVERSION = YES;
				CLANG_WARN_COMMA = YES;
				CLANG_WARN_CONSTANT_CONVERSION = YES;
				CLANG_WARN_DEPRECATED_OBJC_IMPLEMENTATIONS = YES;
				CLANG_WARN_DIRECT_OBJC_ISA_USAGE = YES_ERROR;
				CLANG_WARN_DOCUMENTATION_COMMENTS = YES;
				CLANG_WARN_EMPTY_BODY = YES;
				CLANG_WARN_ENUM_CONVERSION = YES;
				CLANG_WARN_INFINITE_RECURSION = YES;
				CLANG_WARN_INT_CONVERSION = YES;
				CLANG_WARN_NON_LITERAL_NULL_CONVERSION = YES;
				CLANG_WARN_OBJC_IMPLICIT_RETAIN_SELF = YES;
				CLANG_WARN_OBJC_LITERAL_CONVERSION = YES;
				CLANG_WARN_OBJC_ROOT_CLASS = YES_ERROR;
				CLANG_WARN_QUOTED_INCLUDE_IN_FRAMEWORK_HEADER = YES;
				CLANG_WARN_RANGE_LOOP_ANALYSIS = YES;
				CLANG_WARN_STRICT_PROTOTYPES = YES;
				CLANG_WARN_SUSPICIOUS_MOVE = YES;
				CLANG_WARN_UNGUARDED_AVAILABILITY = YES_AGGRESSIVE;
				CLANG_WARN_UNREACHABLE_CODE = YES;
				CLANG_WARN__DUPLICATE_METHOD_MATCH = YES;
				COPY_PHASE_STRIP = NO;
				DEBUG_INFORMATION_FORMAT = dwarf;
				ENABLE_STRICT_OBJC_MSGSEND = YES;
				ENABLE_TESTABILITY = YES;
				GCC_C_LANGUAGE_STANDARD = gnu11;
				GCC_DYNAMIC_NO_PIC = NO;
				GCC_NO_COMMON_BLOCKS = YES;
				GCC_OPTIMIZATION_LEVEL = 0;
				GCC_PREPROCESSOR_DEFINITIONS = (
					"DEBUG=1",
					"$(inherited)",
				);
				GCC_WARN_64_TO_32_BIT_CONVERSION = YES;
				GCC_WARN_ABOUT_RETURN_TYPE = YES_ERROR;
				GCC_WARN_UNDECLARED_SELECTOR = YES;
				GCC_WARN_UNINITIALIZED_AUTOS = YES_AGGRESSIVE;
				GCC_WARN_UNUSED_FUNCTION = YES;
				GCC_WARN_UNUSED_VARIABLE = YES;
				IPHONEOS_DEPLOYMENT_TARGET = 15.5;
				MTL_ENABLE_DEBUG_INFO = INCLUDE_SOURCE;
				MTL_FAST_MATH = YES;
				ONLY_ACTIVE_ARCH = YES;
				SDKROOT = iphoneos;
				SWIFT_ACTIVE_COMPILATION_CONDITIONS = DEBUG;
				SWIFT_OPTIMIZATION_LEVEL = "-Onone";
			};
			name = Debug;
		};
		FC305D1428A4279E001ED651 /* Release */ = {
			isa = XCBuildConfiguration;
			buildSettings = {
				ALWAYS_SEARCH_USER_PATHS = NO;
				CLANG_ANALYZER_NONNULL = YES;
				CLANG_ANALYZER_NUMBER_OBJECT_CONVERSION = YES_AGGRESSIVE;
				CLANG_CXX_LANGUAGE_STANDARD = "gnu++17";
				CLANG_ENABLE_MODULES = YES;
				CLANG_ENABLE_OBJC_ARC = YES;
				CLANG_ENABLE_OBJC_WEAK = YES;
				CLANG_WARN_BLOCK_CAPTURE_AUTORELEASING = YES;
				CLANG_WARN_BOOL_CONVERSION = YES;
				CLANG_WARN_COMMA = YES;
				CLANG_WARN_CONSTANT_CONVERSION = YES;
				CLANG_WARN_DEPRECATED_OBJC_IMPLEMENTATIONS = YES;
				CLANG_WARN_DIRECT_OBJC_ISA_USAGE = YES_ERROR;
				CLANG_WARN_DOCUMENTATION_COMMENTS = YES;
				CLANG_WARN_EMPTY_BODY = YES;
				CLANG_WARN_ENUM_CONVERSION = YES;
				CLANG_WARN_INFINITE_RECURSION = YES;
				CLANG_WARN_INT_CONVERSION = YES;
				CLANG_WARN_NON_LITERAL_NULL_CONVERSION = YES;
				CLANG_WARN_OBJC_IMPLICIT_RETAIN_SELF = YES;
				CLANG_WARN_OBJC_LITERAL_CONVERSION = YES;
				CLANG_WARN_OBJC_ROOT_CLASS = YES_ERROR;
				CLANG_WARN_QUOTED_INCLUDE_IN_FRAMEWORK_HEADER = YES;
				CLANG_WARN_RANGE_LOOP_ANALYSIS = YES;
				CLANG_WARN_STRICT_PROTOTYPES = YES;
				CLANG_WARN_SUSPICIOUS_MOVE = YES;
				CLANG_WARN_UNGUARDED_AVAILABILITY = YES_AGGRESSIVE;
				CLANG_WARN_UNREACHABLE_CODE = YES;
				CLANG_WARN__DUPLICATE_METHOD_MATCH = YES;
				COPY_PHASE_STRIP = NO;
				DEBUG_INFORMATION_FORMAT = "dwarf-with-dsym";
				ENABLE_NS_ASSERTIONS = NO;
				ENABLE_STRICT_OBJC_MSGSEND = YES;
				GCC_C_LANGUAGE_STANDARD = gnu11;
				GCC_NO_COMMON_BLOCKS = YES;
				GCC_WARN_64_TO_32_BIT_CONVERSION = YES;
				GCC_WARN_ABOUT_RETURN_TYPE = YES_ERROR;
				GCC_WARN_UNDECLARED_SELECTOR = YES;
				GCC_WARN_UNINITIALIZED_AUTOS = YES_AGGRESSIVE;
				GCC_WARN_UNUSED_FUNCTION = YES;
				GCC_WARN_UNUSED_VARIABLE = YES;
				IPHONEOS_DEPLOYMENT_TARGET = 15.5;
				MTL_ENABLE_DEBUG_INFO = NO;
				MTL_FAST_MATH = YES;
				SDKROOT = iphoneos;
				SWIFT_COMPILATION_MODE = wholemodule;
				SWIFT_OPTIMIZATION_LEVEL = "-O";
				VALIDATE_PRODUCT = YES;
			};
			name = Release;
		};
		FC305D1628A4279E001ED651 /* Debug */ = {
			isa = XCBuildConfiguration;
			baseConfigurationReference = 376644A87E24E04E3FA60B72 /* Pods-KHL.debug.xcconfig */;
			buildSettings = {
				ASSETCATALOG_COMPILER_APPICON_NAME = AppIcon;
				ASSETCATALOG_COMPILER_GLOBAL_ACCENT_COLOR_NAME = AccentColor;
				CODE_SIGN_STYLE = Automatic;
				CURRENT_PROJECT_VERSION = 1;
				DEVELOPMENT_ASSET_PATHS = "\"KHL/Preview Content\"";
				DEVELOPMENT_TEAM = BL67M76RZ8;
				ENABLE_PREVIEWS = YES;
				GENERATE_INFOPLIST_FILE = YES;
				INFOPLIST_KEY_UIApplicationSceneManifest_Generation = YES;
				INFOPLIST_KEY_UIApplicationSupportsIndirectInputEvents = YES;
				INFOPLIST_KEY_UILaunchScreen_Generation = YES;
				INFOPLIST_KEY_UISupportedInterfaceOrientations_iPad = "UIInterfaceOrientationPortrait UIInterfaceOrientationPortraitUpsideDown UIInterfaceOrientationLandscapeLeft UIInterfaceOrientationLandscapeRight";
				INFOPLIST_KEY_UISupportedInterfaceOrientations_iPhone = "UIInterfaceOrientationPortrait UIInterfaceOrientationLandscapeLeft UIInterfaceOrientationLandscapeRight";
				LD_RUNPATH_SEARCH_PATHS = (
					"$(inherited)",
					"@executable_path/Frameworks",
				);
				MARKETING_VERSION = 1.0;
				PRODUCT_BUNDLE_IDENTIFIER = Test.KHL;
				PRODUCT_NAME = "$(TARGET_NAME)";
				SWIFT_EMIT_LOC_STRINGS = YES;
				SWIFT_VERSION = 5.0;
				TARGETED_DEVICE_FAMILY = "1,2";
			};
			name = Debug;
		};
		FC305D1728A4279E001ED651 /* Release */ = {
			isa = XCBuildConfiguration;
			baseConfigurationReference = 371D688DD88E5176C0B3BC6B /* Pods-KHL.release.xcconfig */;
			buildSettings = {
				ASSETCATALOG_COMPILER_APPICON_NAME = AppIcon;
				ASSETCATALOG_COMPILER_GLOBAL_ACCENT_COLOR_NAME = AccentColor;
				CODE_SIGN_STYLE = Automatic;
				CURRENT_PROJECT_VERSION = 1;
				DEVELOPMENT_ASSET_PATHS = "\"KHL/Preview Content\"";
				DEVELOPMENT_TEAM = BL67M76RZ8;
				ENABLE_PREVIEWS = YES;
				GENERATE_INFOPLIST_FILE = YES;
				INFOPLIST_KEY_UIApplicationSceneManifest_Generation = YES;
				INFOPLIST_KEY_UIApplicationSupportsIndirectInputEvents = YES;
				INFOPLIST_KEY_UILaunchScreen_Generation = YES;
				INFOPLIST_KEY_UISupportedInterfaceOrientations_iPad = "UIInterfaceOrientationPortrait UIInterfaceOrientationPortraitUpsideDown UIInterfaceOrientationLandscapeLeft UIInterfaceOrientationLandscapeRight";
				INFOPLIST_KEY_UISupportedInterfaceOrientations_iPhone = "UIInterfaceOrientationPortrait UIInterfaceOrientationLandscapeLeft UIInterfaceOrientationLandscapeRight";
				LD_RUNPATH_SEARCH_PATHS = (
					"$(inherited)",
					"@executable_path/Frameworks",
				);
				MARKETING_VERSION = 1.0;
				PRODUCT_BUNDLE_IDENTIFIER = Test.KHL;
				PRODUCT_NAME = "$(TARGET_NAME)";
				SWIFT_EMIT_LOC_STRINGS = YES;
				SWIFT_VERSION = 5.0;
				TARGETED_DEVICE_FAMILY = "1,2";
			};
			name = Release;
		};
/* End XCBuildConfiguration section */

/* Begin XCConfigurationList section */
		FC305D0228A4279B001ED651 /* Build configuration list for PBXProject "KHL" */ = {
			isa = XCConfigurationList;
			buildConfigurations = (
				FC305D1328A4279E001ED651 /* Debug */,
				FC305D1428A4279E001ED651 /* Release */,
			);
			defaultConfigurationIsVisible = 0;
			defaultConfigurationName = Release;
		};
		FC305D1528A4279E001ED651 /* Build configuration list for PBXNativeTarget "KHL" */ = {
			isa = XCConfigurationList;
			buildConfigurations = (
				FC305D1628A4279E001ED651 /* Debug */,
				FC305D1728A4279E001ED651 /* Release */,
			);
			defaultConfigurationIsVisible = 0;
			defaultConfigurationName = Release;
		};
/* End XCConfigurationList section */
	};
	rootObject = FC305CFF28A4279B001ED651 /* Project object */;
}
